
Microsoft Visual Studio Solution File, Format Version 12.00
# Visual Studio Version 16
VisualStudioVersion = 16.0.31005.135
MinimumVisualStudioVersion = 10.0.40219.1
Project("{FAE04EC0-301F-11D3-BF4B-00C04F79EFBC}") = "RangeOfDates", "RangeOfDates.csproj", "{7D86D7AE-C7EC-4672-9660-55BB429A5BDB}"
EndProject
Global
	GlobalSection(SolutionConfigurationPlatforms) = preSolution
		Debug|Any CPU = Debug|Any CPU
		Release|Any CPU = Release|Any CPU
	EndGlobalSection
	GlobalSection(ProjectConfigurationPlatforms) = postSolution
		{7D86D7AE-C7EC-4672-9660-55BB429A5BDB}.Debug|Any CPU.ActiveCfg = Debug|Any CPU
		{7D86D7AE-C7EC-4672-9660-55BB429A5BDB}.Debug|Any CPU.Build.0 = Debug|Any CPU
		{7D86D7AE-C7EC-4672-9660-55BB429A5BDB}.Release|Any CPU.ActiveCfg = Release|Any CPU
		{7D86D7AE-C7EC-4672-9660-55BB429A5BDB}.Release|Any CPU.Build.0 = Release|Any CPU
	EndGlobalSection
	GlobalSection(SolutionProperties) = preSolution
		HideSolutionNode = FALSE
	EndGlobalSection
	GlobalSection(ExtensibilityGlobals) = postSolution
		SolutionGuid = {FAD67B75-5CCB-47AB-BBB5-6741B80D6B8D}
	EndGlobalSection
EndGlobal
